// !$*UTF8*$!
{
	archiveVersion = 1;
	classes = {
	};
	objectVersion = 56;
	objects = {

/* Begin PBXBuildFile section */
		CE3D5D102A60B05700F3C97E /* Movie.swift in Sources */ = {isa = PBXBuildFile; fileRef = CE3D5D0F2A60B05700F3C97E /* Movie.swift */; };
		CE3D5D122A60B25800F3C97E /* MovieCell.swift in Sources */ = {isa = PBXBuildFile; fileRef = CE3D5D112A60B25800F3C97E /* MovieCell.swift */; };
		CE3D5D142A60B94D00F3C97E /* Detail.storyboard in Resources */ = {isa = PBXBuildFile; fileRef = CE3D5D132A60B94D00F3C97E /* Detail.storyboard */; };
		CE3D5D182A60B98400F3C97E /* DetailViewController.swift in Sources */ = {isa = PBXBuildFile; fileRef = CE3D5D172A60B98400F3C97E /* DetailViewController.swift */; };
		CEF327B72A57761D00D4269E /* AppDelegate.swift in Sources */ = {isa = PBXBuildFile; fileRef = CEF327B62A57761D00D4269E /* AppDelegate.swift */; };
		CEF327B92A57761D00D4269E /* SceneDelegate.swift in Sources */ = {isa = PBXBuildFile; fileRef = CEF327B82A57761D00D4269E /* SceneDelegate.swift */; };
		CEF327BB2A57761D00D4269E /* MovieViewController.swift in Sources */ = {isa = PBXBuildFile; fileRef = CEF327BA2A57761D00D4269E /* MovieViewController.swift */; };
		CEF327C02A57761E00D4269E /* Assets.xcassets in Resources */ = {isa = PBXBuildFile; fileRef = CEF327BF2A57761E00D4269E /* Assets.xcassets */; };
		CEF327C32A57761E00D4269E /* LaunchScreen.storyboard in Resources */ = {isa = PBXBuildFile; fileRef = CEF327C12A57761E00D4269E /* LaunchScreen.storyboard */; };
/* End PBXBuildFile section */

/* Begin PBXFileReference section */
		CE3D5D0F2A60B05700F3C97E /* Movie.swift */ = {isa = PBXFileReference; lastKnownFileType = sourcecode.swift; path = Movie.swift; sourceTree = "<group>"; };
		CE3D5D112A60B25800F3C97E /* MovieCell.swift */ = {isa = PBXFileReference; lastKnownFileType = sourcecode.swift; path = MovieCell.swift; sourceTree = "<group>"; };
		CE3D5D132A60B94D00F3C97E /* Detail.storyboard */ = {isa = PBXFileReference; lastKnownFileType = file.storyboard; path = Detail.storyboard; sourceTree = "<group>"; };
		CE3D5D172A60B98400F3C97E /* DetailViewController.swift */ = {isa = PBXFileReference; lastKnownFileType = sourcecode.swift; path = DetailViewController.swift; sourceTree = "<group>"; };
		CEF327B32A57761D00D4269E /* AppTurmaA.app */ = {isa = PBXFileReference; explicitFileType = wrapper.application; includeInIndex = 0; path = AppTurmaA.app; sourceTree = BUILT_PRODUCTS_DIR; };
		CEF327B62A57761D00D4269E /* AppDelegate.swift */ = {isa = PBXFileReference; lastKnownFileType = sourcecode.swift; path = AppDelegate.swift; sourceTree = "<group>"; };
		CEF327B82A57761D00D4269E /* SceneDelegate.swift */ = {isa = PBXFileReference; lastKnownFileType = sourcecode.swift; path = SceneDelegate.swift; sourceTree = "<group>"; };
		CEF327BA2A57761D00D4269E /* MovieViewController.swift */ = {isa = PBXFileReference; lastKnownFileType = sourcecode.swift; path = MovieViewController.swift; sourceTree = "<group>"; };
		CEF327BF2A57761E00D4269E /* Assets.xcassets */ = {isa = PBXFileReference; lastKnownFileType = folder.assetcatalog; path = Assets.xcassets; sourceTree = "<group>"; };
		CEF327C22A57761E00D4269E /* Base */ = {isa = PBXFileReference; lastKnownFileType = file.storyboard; name = Base; path = Base.lproj/LaunchScreen.storyboard; sourceTree = "<group>"; };
		CEF327C42A57761E00D4269E /* Info.plist */ = {isa = PBXFileReference; lastKnownFileType = text.plist.xml; path = Info.plist; sourceTree = "<group>"; };
/* End PBXFileReference section */

/* Begin PBXFrameworksBuildPhase section */
		CEF327B02A57761D00D4269E /* Frameworks */ = {
			isa = PBXFrameworksBuildPhase;
			buildActionMask = 2147483647;
			files = (
			);
			runOnlyForDeploymentPostprocessing = 0;
		};
/* End PBXFrameworksBuildPhase section */

/* Begin PBXGroup section */
		CE3D5D152A60B95600F3C97E /* Home */ = {
			isa = PBXGroup;
			children = (
				CEF327BA2A57761D00D4269E /* MovieViewController.swift */,
				CE3D5D112A60B25800F3C97E /* MovieCell.swift */,
				CE3D5D0F2A60B05700F3C97E /* Movie.swift */,
			);
			path = Home;
			sourceTree = "<group>";
		};
		CE3D5D162A60B96400F3C97E /* Detail */ = {
			isa = PBXGroup;
			children = (
				CE3D5D132A60B94D00F3C97E /* Detail.storyboard */,
				CE3D5D172A60B98400F3C97E /* DetailViewController.swift */,
			);
			path = Detail;
			sourceTree = "<group>";
		};
		CEF327AA2A57761D00D4269E = {
			isa = PBXGroup;
			children = (
				CEF327B52A57761D00D4269E /* AppTurmaA */,
				CEF327B42A57761D00D4269E /* Products */,
			);
			sourceTree = "<group>";
		};
		CEF327B42A57761D00D4269E /* Products */ = {
			isa = PBXGroup;
			children = (
				CEF327B32A57761D00D4269E /* AppTurmaA.app */,
			);
			name = Products;
			sourceTree = "<group>";
		};
		CEF327B52A57761D00D4269E /* AppTurmaA */ = {
			isa = PBXGroup;
			children = (
				CE3D5D162A60B96400F3C97E /* Detail */,
				CE3D5D152A60B95600F3C97E /* Home */,
				CEF327B62A57761D00D4269E /* AppDelegate.swift */,
				CEF327B82A57761D00D4269E /* SceneDelegate.swift */,
				CEF327BF2A57761E00D4269E /* Assets.xcassets */,
				CEF327C12A57761E00D4269E /* LaunchScreen.storyboard */,
				CEF327C42A57761E00D4269E /* Info.plist */,
			);
			path = AppTurmaA;
			sourceTree = "<group>";
		};
/* End PBXGroup section */

/* Begin PBXNativeTarget section */
		CEF327B22A57761D00D4269E /* AppTurmaA */ = {
			isa = PBXNativeTarget;
			buildConfigurationList = CEF327C72A57761E00D4269E /* Build configuration list for PBXNativeTarget "AppTurmaA" */;
			buildPhases = (
				CEF327AF2A57761D00D4269E /* Sources */,
				CEF327B02A57761D00D4269E /* Frameworks */,
				CEF327B12A57761D00D4269E /* Resources */,
			);
			buildRules = (
			);
			dependencies = (
			);
			name = AppTurmaA;
			productName = AppTurmaA;
			productReference = CEF327B32A57761D00D4269E /* AppTurmaA.app */;
			productType = "com.apple.product-type.application";
		};
/* End PBXNativeTarget section */

/* Begin PBXProject section */
		CEF327AB2A57761D00D4269E /* Project object */ = {
			isa = PBXProject;
			attributes = {
				BuildIndependentTargetsInParallel = 1;
				LastSwiftUpdateCheck = 1430;
				LastUpgradeCheck = 1430;
				TargetAttributes = {
					CEF327B22A57761D00D4269E = {
						CreatedOnToolsVersion = 14.3.1;
					};
				};
			};
			buildConfigurationList = CEF327AE2A57761D00D4269E /* Build configuration list for PBXProject "AppTurmaA" */;
			compatibilityVersion = "Xcode 14.0";
			developmentRegion = en;
			hasScannedForEncodings = 0;
			knownRegions = (
				en,
				Base,
			);
			mainGroup = CEF327AA2A57761D00D4269E;
			productRefGroup = CEF327B42A57761D00D4269E /* Products */;
			projectDirPath = "";
			projectRoot = "";
			targets = (
				CEF327B22A57761D00D4269E /* AppTurmaA */,
			);
		};
/* End PBXProject section */

/* Begin PBXResourcesBuildPhase section */
		CEF327B12A57761D00D4269E /* Resources */ = {
			isa = PBXResourcesBuildPhase;
			buildActionMask = 2147483647;
			files = (
				CEF327C32A57761E00D4269E /* LaunchScreen.storyboard in Resources */,
				CEF327C02A57761E00D4269E /* Assets.xcassets in Resources */,
				CE3D5D142A60B94D00F3C97E /* Detail.storyboard in Resources */,
			);
			runOnlyForDeploymentPostprocessing = 0;
		};
/* End PBXResourcesBuildPhase section */

/* Begin PBXSourcesBuildPhase section */
		CEF327AF2A57761D00D4269E /* Sources */ = {
			isa = PBXSourcesBuildPhase;
			buildActionMask = 2147483647;
			files = (
				CEF327BB2A57761D00D4269E /* MovieViewController.swift in Sources */,
				CEF327B72A57761D00D4269E /* AppDelegate.swift in Sources */,
				CE3D5D102A60B05700F3C97E /* Movie.swift in Sources */,
				CE3D5D182A60B98400F3C97E /* DetailViewController.swift in Sources */,
				CE3D5D122A60B25800F3C97E /* MovieCell.swift in Sources */,
				CEF327B92A57761D00D4269E /* SceneDelegate.swift in Sources */,
			);
			runOnlyForDeploymentPostprocessing = 0;
		};
/* End PBXSourcesBuildPhase section */

/* Begin PBXVariantGroup section */
		CEF327C12A57761E00D4269E /* LaunchScreen.storyboard */ = {
			isa = PBXVariantGroup;
			children = (
				CEF327C22A57761E00D4269E /* Base */,
			);
			name = LaunchScreen.storyboard;
			sourceTree = "<group>";
		};
/* End PBXVariantGroup section */

/* Begin XCBuildConfiguration section */
		CEF327C52A57761E00D4269E /* Debug */ = {
			isa = XCBuildConfiguration;
			buildSettings = {
				ALWAYS_SEARCH_USER_PATHS = NO;
				CLANG_ANALYZER_NONNULL = YES;
				CLANG_ANALYZER_NUMBER_OBJECT_CONVERSION = YES_AGGRESSIVE;
				CLANG_CXX_LANGUAGE_STANDARD = "gnu++20";
				CLANG_ENABLE_MODULES = YES;
				CLANG_ENABLE_OBJC_ARC = YES;
				CLANG_ENABLE_OBJC_WEAK = YES;
				CLANG_WARN_BLOCK_CAPTURE_AUTORELEASING = YES;
				CLANG_WARN_BOOL_CONVERSION = YES;
				CLANG_WARN_COMMA = YES;
				CLANG_WARN_CONSTANT_CONVERSION = YES;
				CLANG_WARN_DEPRECATED_OBJC_IMPLEMENTATIONS = YES;
				CLANG_WARN_DIRECT_OBJC_ISA_USAGE = YES_ERROR;
				CLANG_WARN_DOCUMENTATION_COMMENTS = YES;
				CLANG_WARN_EMPTY_BODY = YES;
				CLANG_WARN_ENUM_CONVERSION = YES;
				CLANG_WARN_INFINITE_RECURSION = YES;
				CLANG_WARN_INT_CONVERSION = YES;
				CLANG_WARN_NON_LITERAL_NULL_CONVERSION = YES;
				CLANG_WARN_OBJC_IMPLICIT_RETAIN_SELF = YES;
				CLANG_WARN_OBJC_LITERAL_CONVERSION = YES;
				CLANG_WARN_OBJC_ROOT_CLASS = YES_ERROR;
				CLANG_WARN_QUOTED_INCLUDE_IN_FRAMEWORK_HEADER = YES;
				CLANG_WARN_RANGE_LOOP_ANALYSIS = YES;
				CLANG_WARN_STRICT_PROTOTYPES = YES;
				CLANG_WARN_SUSPICIOUS_MOVE = YES;
				CLANG_WARN_UNGUARDED_AVAILABILITY = YES_AGGRESSIVE;
				CLANG_WARN_UNREACHABLE_CODE = YES;
				CLANG_WARN__DUPLICATE_METHOD_MATCH = YES;
				COPY_PHASE_STRIP = NO;
				DEBUG_INFORMATION_FORMAT = dwarf;
				ENABLE_STRICT_OBJC_MSGSEND = YES;
				ENABLE_TESTABILITY = YES;
				GCC_C_LANGUAGE_STANDARD = gnu11;
				GCC_DYNAMIC_NO_PIC = NO;
				GCC_NO_COMMON_BLOCKS = YES;
				GCC_OPTIMIZATION_LEVEL = 0;
				GCC_PREPROCESSOR_DEFINITIONS = (
					"DEBUG=1",
					"$(inherited)",
				);
				GCC_WARN_64_TO_32_BIT_CONVERSION = YES;
				GCC_WARN_ABOUT_RETURN_TYPE = YES_ERROR;
				GCC_WARN_UNDECLARED_SELECTOR = YES;
				GCC_WARN_UNINITIALIZED_AUTOS = YES_AGGRESSIVE;
				GCC_WARN_UNUSED_FUNCTION = YES;
				GCC_WARN_UNUSED_VARIABLE = YES;
				IPHONEOS_DEPLOYMENT_TARGET = 16.4;
				MTL_ENABLE_DEBUG_INFO = INCLUDE_SOURCE;
				MTL_FAST_MATH = YES;
				ONLY_ACTIVE_ARCH = YES;
				SDKROOT = iphoneos;
				SWIFT_ACTIVE_COMPILATION_CONDITIONS = DEBUG;
				SWIFT_OPTIMIZATION_LEVEL = "-Onone";
			};
			name = Debug;
		};
		CEF327C62A57761E00D4269E /* Release */ = {
			isa = XCBuildConfiguration;
			buildSettings = {
				ALWAYS_SEARCH_USER_PATHS = NO;
				CLANG_ANALYZER_NONNULL = YES;
				CLANG_ANALYZER_NUMBER_OBJECT_CONVERSION = YES_AGGRESSIVE;
				CLANG_CXX_LANGUAGE_STANDARD = "gnu++20";
				CLANG_ENABLE_MODULES = YES;
				CLANG_ENABLE_OBJC_ARC = YES;
				CLANG_ENABLE_OBJC_WEAK = YES;
				CLANG_WARN_BLOCK_CAPTURE_AUTORELEASING = YES;
				CLANG_WARN_BOOL_CONVERSION = YES;
				CLANG_WARN_COMMA = YES;
				CLANG_WARN_CONSTANT_CONVERSION = YES;
				CLANG_WARN_DEPRECATED_OBJC_IMPLEMENTATIONS = YES;
				CLANG_WARN_DIRECT_OBJC_ISA_USAGE = YES_ERROR;
				CLANG_WARN_DOCUMENTATION_COMMENTS = YES;
				CLANG_WARN_EMPTY_BODY = YES;
				CLANG_WARN_ENUM_CONVERSION = YES;
				CLANG_WARN_INFINITE_RECURSION = YES;
				CLANG_WARN_INT_CONVERSION = YES;
				CLANG_WARN_NON_LITERAL_NULL_CONVERSION = YES;
				CLANG_WARN_OBJC_IMPLICIT_RETAIN_SELF = YES;
				CLANG_WARN_OBJC_LITERAL_CONVERSION = YES;
				CLANG_WARN_OBJC_ROOT_CLASS = YES_ERROR;
				CLANG_WARN_QUOTED_INCLUDE_IN_FRAMEWORK_HEADER = YES;
				CLANG_WARN_RANGE_LOOP_ANALYSIS = YES;
				CLANG_WARN_STRICT_PROTOTYPES = YES;
				CLANG_WARN_SUSPICIOUS_MOVE = YES;
				CLANG_WARN_UNGUARDED_AVAILABILITY = YES_AGGRESSIVE;
				CLANG_WARN_UNREACHABLE_CODE = YES;
				CLANG_WARN__DUPLICATE_METHOD_MATCH = YES;
				COPY_PHASE_STRIP = NO;
				DEBUG_INFORMATION_FORMAT = "dwarf-with-dsym";
				ENABLE_NS_ASSERTIONS = NO;
				ENABLE_STRICT_OBJC_MSGSEND = YES;
				GCC_C_LANGUAGE_STANDARD = gnu11;
				GCC_NO_COMMON_BLOCKS = YES;
				GCC_WARN_64_TO_32_BIT_CONVERSION = YES;
				GCC_WARN_ABOUT_RETURN_TYPE = YES_ERROR;
				GCC_WARN_UNDECLARED_SELECTOR = YES;
				GCC_WARN_UNINITIALIZED_AUTOS = YES_AGGRESSIVE;
				GCC_WARN_UNUSED_FUNCTION = YES;
				GCC_WARN_UNUSED_VARIABLE = YES;
				IPHONEOS_DEPLOYMENT_TARGET = 16.4;
				MTL_ENABLE_DEBUG_INFO = NO;
				MTL_FAST_MATH = YES;
				SDKROOT = iphoneos;
				SWIFT_COMPILATION_MODE = wholemodule;
				SWIFT_OPTIMIZATION_LEVEL = "-O";
				VALIDATE_PRODUCT = YES;
			};
			name = Release;
		};
		CEF327C82A57761E00D4269E /* Debug */ = {
			isa = XCBuildConfiguration;
			buildSettings = {
				ASSETCATALOG_COMPILER_APPICON_NAME = AppIcon;
				ASSETCATALOG_COMPILER_GLOBAL_ACCENT_COLOR_NAME = AccentColor;
				CODE_SIGN_STYLE = Automatic;
				CURRENT_PROJECT_VERSION = 1;
				DEVELOPMENT_TEAM = VJCR2LL3QM;
				GENERATE_INFOPLIST_FILE = YES;
				INFOPLIST_FILE = AppTurmaA/Info.plist;
				INFOPLIST_KEY_UIApplicationSupportsIndirectInputEvents = YES;
				INFOPLIST_KEY_UILaunchStoryboardName = LaunchScreen;
				INFOPLIST_KEY_UIMainStoryboardFile = "";
				INFOPLIST_KEY_UISupportedInterfaceOrientations_iPad = "UIInterfaceOrientationPortrait UIInterfaceOrientationPortraitUpsideDown UIInterfaceOrientationLandscapeLeft UIInterfaceOrientationLandscapeRight";
				INFOPLIST_KEY_UISupportedInterfaceOrientations_iPhone = "UIInterfaceOrientationPortrait UIInterfaceOrientationLandscapeLeft UIInterfaceOrientationLandscapeRight";
				LD_RUNPATH_SEARCH_PATHS = (
					"$(inherited)",
					"@executable_path/Frameworks",
				);
				MARKETING_VERSION = 1.0;
				PRODUCT_BUNDLE_IDENTIFIER = nnt.com.AppTurmaA;
				PRODUCT_NAME = "$(TARGET_NAME)";
				SWIFT_EMIT_LOC_STRINGS = YES;
				SWIFT_VERSION = 5.0;
				TARGETED_DEVICE_FAMILY = "1,2";
			};
			name = Debug;
		};
		CEF327C92A57761E00D4269E /* Release */ = {
			isa = XCBuildConfiguration;
			buildSettings = {
				ASSETCATALOG_COMPILER_APPICON_NAME = AppIcon;
				ASSETCATALOG_COMPILER_GLOBAL_ACCENT_COLOR_NAME = AccentColor;
				CODE_SIGN_STYLE = Automatic;
				CURRENT_PROJECT_VERSION = 1;
				DEVELOPMENT_TEAM = VJCR2LL3QM;
				GENERATE_INFOPLIST_FILE = YES;
				INFOPLIST_FILE = AppTurmaA/Info.plist;
				INFOPLIST_KEY_UIApplicationSupportsIndirectInputEvents = YES;
				INFOPLIST_KEY_UILaunchStoryboardName = LaunchScreen;
				INFOPLIST_KEY_UIMainStoryboardFile = "";
				INFOPLIST_KEY_UISupportedInterfaceOrientations_iPad = "UIInterfaceOrientationPortrait UIInterfaceOrientationPortraitUpsideDown UIInterfaceOrientationLandscapeLeft UIInterfaceOrientationLandscapeRight";
				INFOPLIST_KEY_UISupportedInterfaceOrientations_iPhone = "UIInterfaceOrientationPortrait UIInterfaceOrientationLandscapeLeft UIInterfaceOrientationLandscapeRight";
				LD_RUNPATH_SEARCH_PATHS = (
					"$(inherited)",
					"@executable_path/Frameworks",
				);
				MARKETING_VERSION = 1.0;
				PRODUCT_BUNDLE_IDENTIFIER = nnt.com.AppTurmaA;
				PRODUCT_NAME = "$(TARGET_NAME)";
				SWIFT_EMIT_LOC_STRINGS = YES;
				SWIFT_VERSION = 5.0;
				TARGETED_DEVICE_FAMILY = "1,2";
			};
			name = Release;
		};
/* End XCBuildConfiguration section */

/* Begin XCConfigurationList section */
		CEF327AE2A57761D00D4269E /* Build configuration list for PBXProject "AppTurmaA" */ = {
			isa = XCConfigurationList;
			buildConfigurations = (
				CEF327C52A57761E00D4269E /* Debug */,
				CEF327C62A57761E00D4269E /* Release */,
			);
			defaultConfigurationIsVisible = 0;
			defaultConfigurationName = Release;
		};
		CEF327C72A57761E00D4269E /* Build configuration list for PBXNativeTarget "AppTurmaA" */ = {
			isa = XCConfigurationList;
			buildConfigurations = (
				CEF327C82A57761E00D4269E /* Debug */,
				CEF327C92A57761E00D4269E /* Release */,
			);
			defaultConfigurationIsVisible = 0;
			defaultConfigurationName = Release;
		};
/* End XCConfigurationList section */
	};
	rootObject = CEF327AB2A57761D00D4269E /* Project object */;
}
